
Microsoft Visual Studio Solution File, Format Version 12.00
# Visual Studio Version 17
VisualStudioVersion = 17.2.32505.173
MinimumVisualStudioVersion = 10.0.40219.1
Project("{FAE04EC0-301F-11D3-BF4B-00C04F79EFBC}") = "UC-EmployeeWage", "UC-EmployeeWage\UC-EmployeeWage.csproj", "{0FB072D2-3CB6-43A5-BCAC-8F18BA9117F2}"
EndProject
Global
	GlobalSection(SolutionConfigurationPlatforms) = preSolution
		Debug|Any CPU = Debug|Any CPU
		Release|Any CPU = Release|Any CPU
	EndGlobalSection
	GlobalSection(ProjectConfigurationPlatforms) = postSolution
		{0FB072D2-3CB6-43A5-BCAC-8F18BA9117F2}.Debug|Any CPU.ActiveCfg = Debug|Any CPU
		{0FB072D2-3CB6-43A5-BCAC-8F18BA9117F2}.Debug|Any CPU.Build.0 = Debug|Any CPU
		{0FB072D2-3CB6-43A5-BCAC-8F18BA9117F2}.Release|Any CPU.ActiveCfg = Release|Any CPU
		{0FB072D2-3CB6-43A5-BCAC-8F18BA9117F2}.Release|Any CPU.Build.0 = Release|Any CPU
	EndGlobalSection
	GlobalSection(SolutionProperties) = preSolution
		HideSolutionNode = FALSE
	EndGlobalSection
	GlobalSection(ExtensibilityGlobals) = postSolution
		SolutionGuid = {6ED4806D-2A52-4F84-B0A2-0525E0AFA971}
	EndGlobalSection
EndGlobal
